
Microsoft Visual Studio Solution File, Format Version 12.00
# Visual Studio Version 16
VisualStudioVersion = 16.0.30104.148
MinimumVisualStudioVersion = 10.0.40219.1
Project("{2150E333-8FDC-42A3-9474-1A3956D46DE8}") = "Tests", "Tests", "{A1A144C2-51D5-4893-9163-B5B1E19C69D6}"
EndProject
Project("{FAE04EC0-301F-11D3-BF4B-00C04F79EFBC}") = "TestApplication", "Tests\TestApplication\TestApplication.csproj", "{8FDA90E8-CA65-465F-B81C-E60054C2C528}"
EndProject
Project("{FAE04EC0-301F-11D3-BF4B-00C04F79EFBC}") = "StringsRetoucher", "Tests\StringsRetoucher\StringsRetoucher.csproj", "{5AB1C5D0-3F22-4504-8C97-14831DB7ED89}"
	ProjectSection(ProjectDependencies) = postProject
		{8FDA90E8-CA65-465F-B81C-E60054C2C528} = {8FDA90E8-CA65-465F-B81C-E60054C2C528}
	EndProjectSection
EndProject
Project("{FAE04EC0-301F-11D3-BF4B-00C04F79EFBC}") = "StitcherBoy", "StitcherBoy\StitcherBoy.csproj", "{8515A314-3563-465A-8303-FE26E04CFB13}"
EndProject
Project("{2150E333-8FDC-42A3-9474-1A3956D46DE8}") = "Icon", "Icon", "{C190A320-9603-46F8-B09F-972CB9D08930}"
	ProjectSection(SolutionItems) = preProject
		Icon\StitcherBoy.ai = Icon\StitcherBoy.ai
		Icon\StitcherBoy.png = Icon\StitcherBoy.png
	EndProjectSection
EndProject
Project("{2150E333-8FDC-42A3-9474-1A3956D46DE8}") = "Libraries", "Libraries", "{AE158CE4-5670-4D26-B7DE-0BB768DD8B85}"
EndProject
Project("{9A19103F-16F7-4668-BE54-9A1E7A4F7556}") = "dnlib", "dnlib\src\dnlib.csproj", "{FDFC1237-143F-4919-8318-4926901F4639}"
EndProject
Project("{FAE04EC0-301F-11D3-BF4B-00C04F79EFBC}") = "StitcherBoyTests", "Tests\StitcherBoyTests\StitcherBoyTests.csproj", "{E917B523-BBD5-462D-8289-25E76AAD4755}"
EndProject
Project("{FAE04EC0-301F-11D3-BF4B-00C04F79EFBC}") = "ReferencedLibrary", "Tests\ReferencedLibrary\ReferencedLibrary.csproj", "{14E1B649-1CF5-49A4-8D36-C8748E2AAAAA}"
EndProject
Project("{FAE04EC0-301F-11D3-BF4B-00C04F79EFBC}") = "ReferencedLibrary2", "Tests\ReferencedLibrary2\ReferencedLibrary2.csproj", "{4F53634C-383E-4ECD-939D-0088E5563575}"
EndProject
Global
	GlobalSection(SolutionConfigurationPlatforms) = preSolution
		Debug|Any CPU = Debug|Any CPU
		Release|Any CPU = Release|Any CPU
	EndGlobalSection
	GlobalSection(ProjectConfigurationPlatforms) = postSolution
		{8FDA90E8-CA65-465F-B81C-E60054C2C528}.Debug|Any CPU.ActiveCfg = Debug|Any CPU
		{8FDA90E8-CA65-465F-B81C-E60054C2C528}.Debug|Any CPU.Build.0 = Debug|Any CPU
		{8FDA90E8-CA65-465F-B81C-E60054C2C528}.Release|Any CPU.ActiveCfg = Release|Any CPU
		{5AB1C5D0-3F22-4504-8C97-14831DB7ED89}.Debug|Any CPU.ActiveCfg = Debug|Any CPU
		{5AB1C5D0-3F22-4504-8C97-14831DB7ED89}.Debug|Any CPU.Build.0 = Debug|Any CPU
		{5AB1C5D0-3F22-4504-8C97-14831DB7ED89}.Release|Any CPU.ActiveCfg = Release|Any CPU
		{8515A314-3563-465A-8303-FE26E04CFB13}.Debug|Any CPU.ActiveCfg = Debug|Any CPU
		{8515A314-3563-465A-8303-FE26E04CFB13}.Debug|Any CPU.Build.0 = Debug|Any CPU
		{8515A314-3563-465A-8303-FE26E04CFB13}.Release|Any CPU.ActiveCfg = Release|Any CPU
		{8515A314-3563-465A-8303-FE26E04CFB13}.Release|Any CPU.Build.0 = Release|Any CPU
		{FDFC1237-143F-4919-8318-4926901F4639}.Debug|Any CPU.ActiveCfg = Debug|Any CPU
		{FDFC1237-143F-4919-8318-4926901F4639}.Debug|Any CPU.Build.0 = Debug|Any CPU
		{FDFC1237-143F-4919-8318-4926901F4639}.Release|Any CPU.ActiveCfg = Release|Any CPU
		{FDFC1237-143F-4919-8318-4926901F4639}.Release|Any CPU.Build.0 = Release|Any CPU
		{E917B523-BBD5-462D-8289-25E76AAD4755}.Debug|Any CPU.ActiveCfg = Debug|Any CPU
		{E917B523-BBD5-462D-8289-25E76AAD4755}.Debug|Any CPU.Build.0 = Debug|Any CPU
		{E917B523-BBD5-462D-8289-25E76AAD4755}.Release|Any CPU.ActiveCfg = Release|Any CPU
		{E917B523-BBD5-462D-8289-25E76AAD4755}.Release|Any CPU.Build.0 = Release|Any CPU
		{14E1B649-1CF5-49A4-8D36-C8748E2AAAAA}.Debug|Any CPU.ActiveCfg = Debug|Any CPU
		{14E1B649-1CF5-49A4-8D36-C8748E2AAAAA}.Debug|Any CPU.Build.0 = Debug|Any CPU
		{14E1B649-1CF5-49A4-8D36-C8748E2AAAAA}.Release|Any CPU.ActiveCfg = Release|Any CPU
		{14E1B649-1CF5-49A4-8D36-C8748E2AAAAA}.Release|Any CPU.Build.0 = Release|Any CPU
		{4F53634C-383E-4ECD-939D-0088E5563575}.Debug|Any CPU.ActiveCfg = Debug|Any CPU
		{4F53634C-383E-4ECD-939D-0088E5563575}.Debug|Any CPU.Build.0 = Debug|Any CPU
		{4F53634C-383E-4ECD-939D-0088E5563575}.Release|Any CPU.ActiveCfg = Release|Any CPU
		{4F53634C-383E-4ECD-939D-0088E5563575}.Release|Any CPU.Build.0 = Release|Any CPU
	EndGlobalSection
	GlobalSection(SolutionProperties) = preSolution
		HideSolutionNode = FALSE
	EndGlobalSection
	GlobalSection(NestedProjects) = preSolution
		{8FDA90E8-CA65-465F-B81C-E60054C2C528} = {A1A144C2-51D5-4893-9163-B5B1E19C69D6}
		{5AB1C5D0-3F22-4504-8C97-14831DB7ED89} = {A1A144C2-51D5-4893-9163-B5B1E19C69D6}
		{FDFC1237-143F-4919-8318-4926901F4639} = {AE158CE4-5670-4D26-B7DE-0BB768DD8B85}
		{E917B523-BBD5-462D-8289-25E76AAD4755} = {A1A144C2-51D5-4893-9163-B5B1E19C69D6}
		{14E1B649-1CF5-49A4-8D36-C8748E2AAAAA} = {A1A144C2-51D5-4893-9163-B5B1E19C69D6}
		{4F53634C-383E-4ECD-939D-0088E5563575} = {A1A144C2-51D5-4893-9163-B5B1E19C69D6}
	EndGlobalSection
	GlobalSection(ExtensibilityGlobals) = postSolution
		SolutionGuid = {70BACABD-B61B-4066-973B-EC87F575F9E4}
	EndGlobalSection
EndGlobal
