
Microsoft Visual Studio Solution File, Format Version 12.00
# Visual Studio 14
VisualStudioVersion = 14.0.23107.0
MinimumVisualStudioVersion = 10.0.40219.1
Project("{2150E333-8FDC-42A3-9474-1A3956D46DE8}") = "Libraries", "Libraries", "{3FB36A63-F370-40FE-80E7-DA6889C77B4A}"
	ProjectSection(SolutionItems) = preProject
		Libraries\dnlib.dll = Libraries\dnlib.dll
		Libraries\dnlib.xml = Libraries\dnlib.xml
	EndProjectSection
EndProject
Project("{2150E333-8FDC-42A3-9474-1A3956D46DE8}") = "Tests", "Tests", "{A1A144C2-51D5-4893-9163-B5B1E19C69D6}"
EndProject
Project("{FAE04EC0-301F-11D3-BF4B-00C04F79EFBC}") = "TestApplication", "Tests\TestApplication\TestApplication.csproj", "{8FDA90E8-CA65-465F-B81C-E60054C2C528}"
EndProject
Project("{FAE04EC0-301F-11D3-BF4B-00C04F79EFBC}") = "StringsRetoucher", "Tests\StringsRetoucher\StringsRetoucher.csproj", "{5AB1C5D0-3F22-4504-8C97-14831DB7ED89}"
EndProject
Project("{FAE04EC0-301F-11D3-BF4B-00C04F79EFBC}") = "StitcherBoy", "StitcherBoy\StitcherBoy.csproj", "{8515A314-3563-465A-8303-FE26E04CFB13}"
EndProject
Project("{2150E333-8FDC-42A3-9474-1A3956D46DE8}") = "Icon", "Icon", "{C190A320-9603-46F8-B09F-972CB9D08930}"
	ProjectSection(SolutionItems) = preProject
		Icon\StitcherBoy.ai = Icon\StitcherBoy.ai
		Icon\StitcherBoy.png = Icon\StitcherBoy.png
	EndProjectSection
EndProject
Global
	GlobalSection(SolutionConfigurationPlatforms) = preSolution
		Debug|Any CPU = Debug|Any CPU
		Release|Any CPU = Release|Any CPU
	EndGlobalSection
	GlobalSection(ProjectConfigurationPlatforms) = postSolution
		{8FDA90E8-CA65-465F-B81C-E60054C2C528}.Debug|Any CPU.ActiveCfg = Debug|Any CPU
		{8FDA90E8-CA65-465F-B81C-E60054C2C528}.Debug|Any CPU.Build.0 = Debug|Any CPU
		{8FDA90E8-CA65-465F-B81C-E60054C2C528}.Release|Any CPU.ActiveCfg = Release|Any CPU
		{8FDA90E8-CA65-465F-B81C-E60054C2C528}.Release|Any CPU.Build.0 = Release|Any CPU
		{5AB1C5D0-3F22-4504-8C97-14831DB7ED89}.Debug|Any CPU.ActiveCfg = Debug|Any CPU
		{5AB1C5D0-3F22-4504-8C97-14831DB7ED89}.Debug|Any CPU.Build.0 = Debug|Any CPU
		{5AB1C5D0-3F22-4504-8C97-14831DB7ED89}.Release|Any CPU.ActiveCfg = Release|Any CPU
		{5AB1C5D0-3F22-4504-8C97-14831DB7ED89}.Release|Any CPU.Build.0 = Release|Any CPU
		{8515A314-3563-465A-8303-FE26E04CFB13}.Debug|Any CPU.ActiveCfg = Debug|Any CPU
		{8515A314-3563-465A-8303-FE26E04CFB13}.Debug|Any CPU.Build.0 = Debug|Any CPU
		{8515A314-3563-465A-8303-FE26E04CFB13}.Release|Any CPU.ActiveCfg = Release|Any CPU
		{8515A314-3563-465A-8303-FE26E04CFB13}.Release|Any CPU.Build.0 = Release|Any CPU
	EndGlobalSection
	GlobalSection(SolutionProperties) = preSolution
		HideSolutionNode = FALSE
	EndGlobalSection
	GlobalSection(NestedProjects) = preSolution
		{8FDA90E8-CA65-465F-B81C-E60054C2C528} = {A1A144C2-51D5-4893-9163-B5B1E19C69D6}
		{5AB1C5D0-3F22-4504-8C97-14831DB7ED89} = {A1A144C2-51D5-4893-9163-B5B1E19C69D6}
	EndGlobalSection
EndGlobal
